lockfileVersion: 5.3

specifiers:
  '@types/chai': 4.2.19
  '@types/chai-as-promised': 7.1.4
  '@types/mocha': 8.2.2
  '@types/node': 15.14.9

devDependencies:
  '@types/chai': 4.2.19
  '@types/chai-as-promised': 7.1.4
  '@types/mocha': 8.2.2
  '@types/node': 15.14.9

packages:

  /@types/chai-as-promised/7.1.4:
    resolution: {integrity: sha512-1y3L1cHePcIm5vXkh1DSGf/zQq5n5xDKG1fpCvf18+uOkpce0Z1ozNFPkyWsVswK7ntN1sZBw3oU6gmN+pDUcA==}
    dependencies:
      '@types/chai': 4.2.19
    dev: true

  /@types/chai/4.2.19:
    resolution: {integrity: sha512-jRJgpRBuY+7izT7/WNXP/LsMO9YonsstuL+xuvycDyESpoDoIAsMd7suwpB4h9oEWB+ZlPTqJJ8EHomzNhwTPQ==}
    dev: true

  /@types/mocha/8.2.2:
    resolution: {integrity: sha512-Lwh0lzzqT5Pqh6z61P3c3P5nm6fzQK/MMHl9UKeneAeInVflBSz1O2EkX6gM6xfJd7FBXBY5purtLx7fUiZ7Hw==}
    dev: true

  /@types/node/15.14.9:
    resolution: {integrity: sha512-qjd88DrCxupx/kJD5yQgZdcYKZKSIGBVDIBE1/LTGcNm3d2Np/jxojkdePDdfnBHJc5W7vSMpbJ1aB7p/Py69A==}
    dev: true
