{
    "name": "logosphere-typescript-primer",
    "version": "1.0.0",
    "lockfileVersion": 2,
    "requires": true,
    "packages": {
        "": {
            "name": "logosphere-typescript-primer",
            "version": "1.0.0",
            "dependencies": {
                "@logosphere/typescript-sdk": "0.0.1"
            },
            "devDependencies": {}
        },
        "node_modules/@logosphere/typescript-sdk": {
            "version": "0.0.1",
            "resolved": "https://registry.npmjs.org/@logosphere/typescript-sdk/-/typescript-sdk-0.0.1.tgz",
            "integrity": "sha512-HeKJPBA4hG0xpKyIKLd/u/fj7F1ZE1OOMmUm5iWDN9MLxZ8dOlN/yM72xdgXcbJJCKsFEPpiAnCLG8xSHSQuWQ=="
        }
    },
    "dependencies": {
        "@logosphere/typescript-sdk": {
            "version": "0.0.1",
            "resolved": "https://registry.npmjs.org/@logosphere/typescript-sdk/-/typescript-sdk-0.0.1.tgz",
            "integrity": "sha512-HeKJPBA4hG0xpKyIKLd/u/fj7F1ZE1OOMmUm5iWDN9MLxZ8dOlN/yM72xdgXcbJJCKsFEPpiAnCLG8xSHSQuWQ=="
        }
    }
}
